// !$*UTF8*$!
{
	archiveVersion = 1;
	classes = {
	};
	objectVersion = 50;
	objects = {

/* Begin PBXBuildFile section */
		FA5AA99029DC91E70092143B /* AppDelegate.swift in Sources */ = {isa = PBXBuildFile; fileRef = FA5AA98F29DC91E70092143B /* AppDelegate.swift */; };
		FA5AA99229DC91E70092143B /* SceneDelegate.swift in Sources */ = {isa = PBXBuildFile; fileRef = FA5AA99129DC91E70092143B /* SceneDelegate.swift */; };
		FA5AA99429DC91E70092143B /* ViewController.swift in Sources */ = {isa = PBXBuildFile; fileRef = FA5AA99329DC91E70092143B /* ViewController.swift */; };
		FA5AA99929DC91EA0092143B /* Assets.xcassets in Resources */ = {isa = PBXBuildFile; fileRef = FA5AA99829DC91EA0092143B /* Assets.xcassets */; };
		FA5AA99C29DC91EA0092143B /* LaunchScreen.storyboard in Resources */ = {isa = PBXBuildFile; fileRef = FA5AA99A29DC91EA0092143B /* LaunchScreen.storyboard */; };
		FA5AA9AD29DDFC650092143B /* ApiCaller.swift in Sources */ = {isa = PBXBuildFile; fileRef = FA5AA9AC29DDFC650092143B /* ApiCaller.swift */; };
		FA5AA9B629DDFD470092143B /* Models.swift in Sources */ = {isa = PBXBuildFile; fileRef = FA5AA9B529DDFD470092143B /* Models.swift */; };
		FA5AA9BB29DF1B1B0092143B /* ReviewesViewController.swift in Sources */ = {isa = PBXBuildFile; fileRef = FA5AA9BA29DF1B1B0092143B /* ReviewesViewController.swift */; };
		FA5AA9BF29DF1D300092143B /* ReviewesPresenter.swift in Sources */ = {isa = PBXBuildFile; fileRef = FA5AA9BE29DF1D300092143B /* ReviewesPresenter.swift */; };
		FA5AA9C229DF1EED0092143B /* ReviewesRouter.swift in Sources */ = {isa = PBXBuildFile; fileRef = FA5AA9C129DF1EED0092143B /* ReviewesRouter.swift */; };
		FA5AA9C529DF1F740092143B /* ReviewesInteractor.swift in Sources */ = {isa = PBXBuildFile; fileRef = FA5AA9C429DF1F740092143B /* ReviewesInteractor.swift */; };
		FA5AA9C829DF1FF40092143B /* ReviewesModuleBuilder.swift in Sources */ = {isa = PBXBuildFile; fileRef = FA5AA9C729DF1FF40092143B /* ReviewesModuleBuilder.swift */; };
		FA5AA9CC29DF304D0092143B /* CriticsModuleBuilder.swift in Sources */ = {isa = PBXBuildFile; fileRef = FA5AA9CB29DF304D0092143B /* CriticsModuleBuilder.swift */; };
		FA5AA9CF29DF36090092143B /* CriticsViewController.swift in Sources */ = {isa = PBXBuildFile; fileRef = FA5AA9CE29DF36090092143B /* CriticsViewController.swift */; };
		FA5AA9D229DF365A0092143B /* CriticsPresenter.swift in Sources */ = {isa = PBXBuildFile; fileRef = FA5AA9D129DF365A0092143B /* CriticsPresenter.swift */; };
		FA5AA9D529DF369F0092143B /* CriticsRouter.swift in Sources */ = {isa = PBXBuildFile; fileRef = FA5AA9D429DF369F0092143B /* CriticsRouter.swift */; };
		FA5AA9D829DF36D20092143B /* CriticsInteractor.swift in Sources */ = {isa = PBXBuildFile; fileRef = FA5AA9D729DF36D20092143B /* CriticsInteractor.swift */; };
		FA5AA9DD29DF3F1D0092143B /* ReviewesTableViewCell.swift in Sources */ = {isa = PBXBuildFile; fileRef = FA5AA9DC29DF3F1D0092143B /* ReviewesTableViewCell.swift */; };
		FA5AA9E129E1C97E0092143B /* DateExtension.swift in Sources */ = {isa = PBXBuildFile; fileRef = FA5AA9E029E1C97E0092143B /* DateExtension.swift */; };
		FA5AA9E729E2B9CE0092143B /* ReviewesEntity.swift in Sources */ = {isa = PBXBuildFile; fileRef = FA5AA9E629E2B9CE0092143B /* ReviewesEntity.swift */; };
		FA5AA9EA29E2BA2E0092143B /* CriticsEntity.swift in Sources */ = {isa = PBXBuildFile; fileRef = FA5AA9E929E2BA2E0092143B /* CriticsEntity.swift */; };
/* End PBXBuildFile section */

/* Begin PBXFileReference section */
		FA5AA98C29DC91E70092143B /* LetMeCode_test.app */ = {isa = PBXFileReference; explicitFileType = wrapper.application; includeInIndex = 0; path = LetMeCode_test.app; sourceTree = BUILT_PRODUCTS_DIR; };
		FA5AA98F29DC91E70092143B /* AppDelegate.swift */ = {isa = PBXFileReference; lastKnownFileType = sourcecode.swift; path = AppDelegate.swift; sourceTree = "<group>"; };
		FA5AA99129DC91E70092143B /* SceneDelegate.swift */ = {isa = PBXFileReference; lastKnownFileType = sourcecode.swift; path = SceneDelegate.swift; sourceTree = "<group>"; };
		FA5AA99329DC91E70092143B /* ViewController.swift */ = {isa = PBXFileReference; lastKnownFileType = sourcecode.swift; path = ViewController.swift; sourceTree = "<group>"; };
		FA5AA99829DC91EA0092143B /* Assets.xcassets */ = {isa = PBXFileReference; lastKnownFileType = folder.assetcatalog; path = Assets.xcassets; sourceTree = "<group>"; };
		FA5AA99B29DC91EA0092143B /* Base */ = {isa = PBXFileReference; lastKnownFileType = file.storyboard; name = Base; path = Base.lproj/LaunchScreen.storyboard; sourceTree = "<group>"; };
		FA5AA99D29DC91EA0092143B /* Info.plist */ = {isa = PBXFileReference; lastKnownFileType = text.plist.xml; path = Info.plist; sourceTree = "<group>"; };
		FA5AA9AC29DDFC650092143B /* ApiCaller.swift */ = {isa = PBXFileReference; lastKnownFileType = sourcecode.swift; path = ApiCaller.swift; sourceTree = "<group>"; };
		FA5AA9B529DDFD470092143B /* Models.swift */ = {isa = PBXFileReference; lastKnownFileType = sourcecode.swift; path = Models.swift; sourceTree = "<group>"; };
		FA5AA9BA29DF1B1B0092143B /* ReviewesViewController.swift */ = {isa = PBXFileReference; lastKnownFileType = sourcecode.swift; path = ReviewesViewController.swift; sourceTree = "<group>"; };
		FA5AA9BE29DF1D300092143B /* ReviewesPresenter.swift */ = {isa = PBXFileReference; lastKnownFileType = sourcecode.swift; path = ReviewesPresenter.swift; sourceTree = "<group>"; };
		FA5AA9C129DF1EED0092143B /* ReviewesRouter.swift */ = {isa = PBXFileReference; lastKnownFileType = sourcecode.swift; path = ReviewesRouter.swift; sourceTree = "<group>"; };
		FA5AA9C429DF1F740092143B /* ReviewesInteractor.swift */ = {isa = PBXFileReference; lastKnownFileType = sourcecode.swift; path = ReviewesInteractor.swift; sourceTree = "<group>"; };
		FA5AA9C729DF1FF40092143B /* ReviewesModuleBuilder.swift */ = {isa = PBXFileReference; lastKnownFileType = sourcecode.swift; path = ReviewesModuleBuilder.swift; sourceTree = "<group>"; };
		FA5AA9CB29DF304D0092143B /* CriticsModuleBuilder.swift */ = {isa = PBXFileReference; lastKnownFileType = sourcecode.swift; path = CriticsModuleBuilder.swift; sourceTree = "<group>"; };
		FA5AA9CE29DF36090092143B /* CriticsViewController.swift */ = {isa = PBXFileReference; lastKnownFileType = sourcecode.swift; path = CriticsViewController.swift; sourceTree = "<group>"; };
		FA5AA9D129DF365A0092143B /* CriticsPresenter.swift */ = {isa = PBXFileReference; lastKnownFileType = sourcecode.swift; path = CriticsPresenter.swift; sourceTree = "<group>"; };
		FA5AA9D429DF369F0092143B /* CriticsRouter.swift */ = {isa = PBXFileReference; lastKnownFileType = sourcecode.swift; path = CriticsRouter.swift; sourceTree = "<group>"; };
		FA5AA9D729DF36D20092143B /* CriticsInteractor.swift */ = {isa = PBXFileReference; lastKnownFileType = sourcecode.swift; path = CriticsInteractor.swift; sourceTree = "<group>"; };
		FA5AA9DC29DF3F1D0092143B /* ReviewesTableViewCell.swift */ = {isa = PBXFileReference; lastKnownFileType = sourcecode.swift; path = ReviewesTableViewCell.swift; sourceTree = "<group>"; };
		FA5AA9E029E1C97E0092143B /* DateExtension.swift */ = {isa = PBXFileReference; lastKnownFileType = sourcecode.swift; path = DateExtension.swift; sourceTree = "<group>"; };
		FA5AA9E629E2B9CE0092143B /* ReviewesEntity.swift */ = {isa = PBXFileReference; lastKnownFileType = sourcecode.swift; path = ReviewesEntity.swift; sourceTree = "<group>"; };
		FA5AA9E929E2BA2E0092143B /* CriticsEntity.swift */ = {isa = PBXFileReference; lastKnownFileType = sourcecode.swift; path = CriticsEntity.swift; sourceTree = "<group>"; };
/* End PBXFileReference section */

/* Begin PBXFrameworksBuildPhase section */
		FA5AA98929DC91E70092143B /* Frameworks */ = {
			isa = PBXFrameworksBuildPhase;
			buildActionMask = 2147483647;
			files = (
			);
			runOnlyForDeploymentPostprocessing = 0;
		};
/* End PBXFrameworksBuildPhase section */

/* Begin PBXGroup section */
		FA5AA98329DC91E70092143B = {
			isa = PBXGroup;
			children = (
				FA5AA98E29DC91E70092143B /* LetMeCode_test */,
				FA5AA98D29DC91E70092143B /* Products */,
			);
			sourceTree = "<group>";
		};
		FA5AA98D29DC91E70092143B /* Products */ = {
			isa = PBXGroup;
			children = (
				FA5AA98C29DC91E70092143B /* LetMeCode_test.app */,
			);
			name = Products;
			sourceTree = "<group>";
		};
		FA5AA98E29DC91E70092143B /* LetMeCode_test */ = {
			isa = PBXGroup;
			children = (
				FA5AA9A629DDCBFE0092143B /* Application */,
				FA5AA9AB29DDFC3D0092143B /* ApiCaller */,
				FA5AA9B929DF1AFD0092143B /* Critics */,
				FA5AA9B829DF1ACE0092143B /* Reviewes */,
				FA5AA9DF29E1C9420092143B /* Utils + Extensions */,
				FA5AA9B429DDFD390092143B /* Models */,
				FA5AA99329DC91E70092143B /* ViewController.swift */,
				FA5AA9A829DDCC240092143B /* SupportingFiles */,
			);
			path = LetMeCode_test;
			sourceTree = "<group>";
		};
		FA5AA9A629DDCBFE0092143B /* Application */ = {
			isa = PBXGroup;
			children = (
				FA5AA98F29DC91E70092143B /* AppDelegate.swift */,
				FA5AA99129DC91E70092143B /* SceneDelegate.swift */,
			);
			path = Application;
			sourceTree = "<group>";
		};
		FA5AA9A829DDCC240092143B /* SupportingFiles */ = {
			isa = PBXGroup;
			children = (
				FA5AA99829DC91EA0092143B /* Assets.xcassets */,
				FA5AA99A29DC91EA0092143B /* LaunchScreen.storyboard */,
				FA5AA99D29DC91EA0092143B /* Info.plist */,
			);
			path = SupportingFiles;
			sourceTree = "<group>";
		};
		FA5AA9AB29DDFC3D0092143B /* ApiCaller */ = {
			isa = PBXGroup;
			children = (
				FA5AA9AC29DDFC650092143B /* ApiCaller.swift */,
			);
			path = ApiCaller;
			sourceTree = "<group>";
		};
		FA5AA9B429DDFD390092143B /* Models */ = {
			isa = PBXGroup;
			children = (
				FA5AA9B529DDFD470092143B /* Models.swift */,
			);
			path = Models;
			sourceTree = "<group>";
		};
		FA5AA9B829DF1ACE0092143B /* Reviewes */ = {
			isa = PBXGroup;
			children = (
				FA5AA9C429DF1F740092143B /* ReviewesInteractor.swift */,
				FA5AA9BE29DF1D300092143B /* ReviewesPresenter.swift */,
				FA5AA9BA29DF1B1B0092143B /* ReviewesViewController.swift */,
				FA5AA9DC29DF3F1D0092143B /* ReviewesTableViewCell.swift */,
				FA5AA9C129DF1EED0092143B /* ReviewesRouter.swift */,
				FA5AA9C729DF1FF40092143B /* ReviewesModuleBuilder.swift */,
				FA5AA9E629E2B9CE0092143B /* ReviewesEntity.swift */,
			);
			name = Reviewes;
			sourceTree = "<group>";
		};
		FA5AA9B929DF1AFD0092143B /* Critics */ = {
			isa = PBXGroup;
			children = (
				FA5AA9D729DF36D20092143B /* CriticsInteractor.swift */,
				FA5AA9D129DF365A0092143B /* CriticsPresenter.swift */,
				FA5AA9CE29DF36090092143B /* CriticsViewController.swift */,
				FA5AA9D429DF369F0092143B /* CriticsRouter.swift */,
				FA5AA9CB29DF304D0092143B /* CriticsModuleBuilder.swift */,
				FA5AA9E929E2BA2E0092143B /* CriticsEntity.swift */,
			);
			name = Critics;
			sourceTree = "<group>";
		};
		FA5AA9DF29E1C9420092143B /* Utils + Extensions */ = {
			isa = PBXGroup;
			children = (
				FA5AA9E029E1C97E0092143B /* DateExtension.swift */,
			);
			path = "Utils + Extensions";
			sourceTree = "<group>";
		};
/* End PBXGroup section */

/* Begin PBXNativeTarget section */
		FA5AA98B29DC91E70092143B /* LetMeCode_test */ = {
			isa = PBXNativeTarget;
			buildConfigurationList = FA5AA9A029DC91EA0092143B /* Build configuration list for PBXNativeTarget "LetMeCode_test" */;
			buildPhases = (
				FA5AA98829DC91E70092143B /* Sources */,
				FA5AA98929DC91E70092143B /* Frameworks */,
				FA5AA98A29DC91E70092143B /* Resources */,
			);
			buildRules = (
			);
			dependencies = (
			);
			name = LetMeCode_test;
			productName = LetMeCode_test;
			productReference = FA5AA98C29DC91E70092143B /* LetMeCode_test.app */;
			productType = "com.apple.product-type.application";
		};
/* End PBXNativeTarget section */

/* Begin PBXProject section */
		FA5AA98429DC91E70092143B /* Project object */ = {
			isa = PBXProject;
			attributes = {
				LastSwiftUpdateCheck = 1200;
				LastUpgradeCheck = 1200;
				TargetAttributes = {
					FA5AA98B29DC91E70092143B = {
						CreatedOnToolsVersion = 12.0;
					};
				};
			};
			buildConfigurationList = FA5AA98729DC91E70092143B /* Build configuration list for PBXProject "LetMeCode_test" */;
			compatibilityVersion = "Xcode 9.3";
			developmentRegion = en;
			hasScannedForEncodings = 0;
			knownRegions = (
				en,
				Base,
			);
			mainGroup = FA5AA98329DC91E70092143B;
			productRefGroup = FA5AA98D29DC91E70092143B /* Products */;
			projectDirPath = "";
			projectRoot = "";
			targets = (
				FA5AA98B29DC91E70092143B /* LetMeCode_test */,
			);
		};
/* End PBXProject section */

/* Begin PBXResourcesBuildPhase section */
		FA5AA98A29DC91E70092143B /* Resources */ = {
			isa = PBXResourcesBuildPhase;
			buildActionMask = 2147483647;
			files = (
				FA5AA99C29DC91EA0092143B /* LaunchScreen.storyboard in Resources */,
				FA5AA99929DC91EA0092143B /* Assets.xcassets in Resources */,
			);
			runOnlyForDeploymentPostprocessing = 0;
		};
/* End PBXResourcesBuildPhase section */

/* Begin PBXSourcesBuildPhase section */
		FA5AA98829DC91E70092143B /* Sources */ = {
			isa = PBXSourcesBuildPhase;
			buildActionMask = 2147483647;
			files = (
				FA5AA9E729E2B9CE0092143B /* ReviewesEntity.swift in Sources */,
				FA5AA9BB29DF1B1B0092143B /* ReviewesViewController.swift in Sources */,
				FA5AA99429DC91E70092143B /* ViewController.swift in Sources */,
				FA5AA9EA29E2BA2E0092143B /* CriticsEntity.swift in Sources */,
				FA5AA9CC29DF304D0092143B /* CriticsModuleBuilder.swift in Sources */,
				FA5AA9DD29DF3F1D0092143B /* ReviewesTableViewCell.swift in Sources */,
				FA5AA9C829DF1FF40092143B /* ReviewesModuleBuilder.swift in Sources */,
				FA5AA99029DC91E70092143B /* AppDelegate.swift in Sources */,
				FA5AA9D529DF369F0092143B /* CriticsRouter.swift in Sources */,
				FA5AA9D229DF365A0092143B /* CriticsPresenter.swift in Sources */,
				FA5AA9BF29DF1D300092143B /* ReviewesPresenter.swift in Sources */,
				FA5AA9B629DDFD470092143B /* Models.swift in Sources */,
				FA5AA99229DC91E70092143B /* SceneDelegate.swift in Sources */,
				FA5AA9AD29DDFC650092143B /* ApiCaller.swift in Sources */,
				FA5AA9C529DF1F740092143B /* ReviewesInteractor.swift in Sources */,
				FA5AA9C229DF1EED0092143B /* ReviewesRouter.swift in Sources */,
				FA5AA9E129E1C97E0092143B /* DateExtension.swift in Sources */,
				FA5AA9D829DF36D20092143B /* CriticsInteractor.swift in Sources */,
				FA5AA9CF29DF36090092143B /* CriticsViewController.swift in Sources */,
			);
			runOnlyForDeploymentPostprocessing = 0;
		};
/* End PBXSourcesBuildPhase section */

/* Begin PBXVariantGroup section */
		FA5AA99A29DC91EA0092143B /* LaunchScreen.storyboard */ = {
			isa = PBXVariantGroup;
			children = (
				FA5AA99B29DC91EA0092143B /* Base */,
			);
			name = LaunchScreen.storyboard;
			sourceTree = "<group>";
		};
/* End PBXVariantGroup section */

/* Begin XCBuildConfiguration section */
		FA5AA99E29DC91EA0092143B /* Debug */ = {
			isa = XCBuildConfiguration;
			buildSettings = {
				ALWAYS_SEARCH_USER_PATHS = NO;
				CLANG_ANALYZER_NONNULL = YES;
				CLANG_ANALYZER_NUMBER_OBJECT_CONVERSION = YES_AGGRESSIVE;
				CLANG_CXX_LANGUAGE_STANDARD = "gnu++14";
				CLANG_CXX_LIBRARY = "libc++";
				CLANG_ENABLE_MODULES = YES;
				CLANG_ENABLE_OBJC_ARC = YES;
				CLANG_ENABLE_OBJC_WEAK = YES;
				CLANG_WARN_BLOCK_CAPTURE_AUTORELEASING = YES;
				CLANG_WARN_BOOL_CONVERSION = YES;
				CLANG_WARN_COMMA = YES;
				CLANG_WARN_CONSTANT_CONVERSION = YES;
				CLANG_WARN_DEPRECATED_OBJC_IMPLEMENTATIONS = YES;
				CLANG_WARN_DIRECT_OBJC_ISA_USAGE = YES_ERROR;
				CLANG_WARN_DOCUMENTATION_COMMENTS = YES;
				CLANG_WARN_EMPTY_BODY = YES;
				CLANG_WARN_ENUM_CONVERSION = YES;
				CLANG_WARN_INFINITE_RECURSION = YES;
				CLANG_WARN_INT_CONVERSION = YES;
				CLANG_WARN_NON_LITERAL_NULL_CONVERSION = YES;
				CLANG_WARN_OBJC_IMPLICIT_RETAIN_SELF = YES;
				CLANG_WARN_OBJC_LITERAL_CONVERSION = YES;
				CLANG_WARN_OBJC_ROOT_CLASS = YES_ERROR;
				CLANG_WARN_QUOTED_INCLUDE_IN_FRAMEWORK_HEADER = YES;
				CLANG_WARN_RANGE_LOOP_ANALYSIS = YES;
				CLANG_WARN_STRICT_PROTOTYPES = YES;
				CLANG_WARN_SUSPICIOUS_MOVE = YES;
				CLANG_WARN_UNGUARDED_AVAILABILITY = YES_AGGRESSIVE;
				CLANG_WARN_UNREACHABLE_CODE = YES;
				CLANG_WARN__DUPLICATE_METHOD_MATCH = YES;
				COPY_PHASE_STRIP = NO;
				DEBUG_INFORMATION_FORMAT = dwarf;
				ENABLE_STRICT_OBJC_MSGSEND = YES;
				ENABLE_TESTABILITY = YES;
				GCC_C_LANGUAGE_STANDARD = gnu11;
				GCC_DYNAMIC_NO_PIC = NO;
				GCC_NO_COMMON_BLOCKS = YES;
				GCC_OPTIMIZATION_LEVEL = 0;
				GCC_PREPROCESSOR_DEFINITIONS = (
					"DEBUG=1",
					"$(inherited)",
				);
				GCC_WARN_64_TO_32_BIT_CONVERSION = YES;
				GCC_WARN_ABOUT_RETURN_TYPE = YES_ERROR;
				GCC_WARN_UNDECLARED_SELECTOR = YES;
				GCC_WARN_UNINITIALIZED_AUTOS = YES_AGGRESSIVE;
				GCC_WARN_UNUSED_FUNCTION = YES;
				GCC_WARN_UNUSED_VARIABLE = YES;
				IPHONEOS_DEPLOYMENT_TARGET = 14.0;
				MTL_ENABLE_DEBUG_INFO = INCLUDE_SOURCE;
				MTL_FAST_MATH = YES;
				ONLY_ACTIVE_ARCH = YES;
				SDKROOT = iphoneos;
				SWIFT_ACTIVE_COMPILATION_CONDITIONS = DEBUG;
				SWIFT_OPTIMIZATION_LEVEL = "-Onone";
			};
			name = Debug;
		};
		FA5AA99F29DC91EA0092143B /* Release */ = {
			isa = XCBuildConfiguration;
			buildSettings = {
				ALWAYS_SEARCH_USER_PATHS = NO;
				CLANG_ANALYZER_NONNULL = YES;
				CLANG_ANALYZER_NUMBER_OBJECT_CONVERSION = YES_AGGRESSIVE;
				CLANG_CXX_LANGUAGE_STANDARD = "gnu++14";
				CLANG_CXX_LIBRARY = "libc++";
				CLANG_ENABLE_MODULES = YES;
				CLANG_ENABLE_OBJC_ARC = YES;
				CLANG_ENABLE_OBJC_WEAK = YES;
				CLANG_WARN_BLOCK_CAPTURE_AUTORELEASING = YES;
				CLANG_WARN_BOOL_CONVERSION = YES;
				CLANG_WARN_COMMA = YES;
				CLANG_WARN_CONSTANT_CONVERSION = YES;
				CLANG_WARN_DEPRECATED_OBJC_IMPLEMENTATIONS = YES;
				CLANG_WARN_DIRECT_OBJC_ISA_USAGE = YES_ERROR;
				CLANG_WARN_DOCUMENTATION_COMMENTS = YES;
				CLANG_WARN_EMPTY_BODY = YES;
				CLANG_WARN_ENUM_CONVERSION = YES;
				CLANG_WARN_INFINITE_RECURSION = YES;
				CLANG_WARN_INT_CONVERSION = YES;
				CLANG_WARN_NON_LITERAL_NULL_CONVERSION = YES;
				CLANG_WARN_OBJC_IMPLICIT_RETAIN_SELF = YES;
				CLANG_WARN_OBJC_LITERAL_CONVERSION = YES;
				CLANG_WARN_OBJC_ROOT_CLASS = YES_ERROR;
				CLANG_WARN_QUOTED_INCLUDE_IN_FRAMEWORK_HEADER = YES;
				CLANG_WARN_RANGE_LOOP_ANALYSIS = YES;
				CLANG_WARN_STRICT_PROTOTYPES = YES;
				CLANG_WARN_SUSPICIOUS_MOVE = YES;
				CLANG_WARN_UNGUARDED_AVAILABILITY = YES_AGGRESSIVE;
				CLANG_WARN_UNREACHABLE_CODE = YES;
				CLANG_WARN__DUPLICATE_METHOD_MATCH = YES;
				COPY_PHASE_STRIP = NO;
				DEBUG_INFORMATION_FORMAT = "dwarf-with-dsym";
				ENABLE_NS_ASSERTIONS = NO;
				ENABLE_STRICT_OBJC_MSGSEND = YES;
				GCC_C_LANGUAGE_STANDARD = gnu11;
				GCC_NO_COMMON_BLOCKS = YES;
				GCC_WARN_64_TO_32_BIT_CONVERSION = YES;
				GCC_WARN_ABOUT_RETURN_TYPE = YES_ERROR;
				GCC_WARN_UNDECLARED_SELECTOR = YES;
				GCC_WARN_UNINITIALIZED_AUTOS = YES_AGGRESSIVE;
				GCC_WARN_UNUSED_FUNCTION = YES;
				GCC_WARN_UNUSED_VARIABLE = YES;
				IPHONEOS_DEPLOYMENT_TARGET = 14.0;
				MTL_ENABLE_DEBUG_INFO = NO;
				MTL_FAST_MATH = YES;
				SDKROOT = iphoneos;
				SWIFT_COMPILATION_MODE = wholemodule;
				SWIFT_OPTIMIZATION_LEVEL = "-O";
				VALIDATE_PRODUCT = YES;
			};
			name = Release;
		};
		FA5AA9A129DC91EA0092143B /* Debug */ = {
			isa = XCBuildConfiguration;
			buildSettings = {
				ASSETCATALOG_COMPILER_APPICON_NAME = AppIcon;
				ASSETCATALOG_COMPILER_GLOBAL_ACCENT_COLOR_NAME = AccentColor;
				CODE_SIGN_STYLE = Automatic;
				DEVELOPMENT_TEAM = 6K8TWM2B86;
				INFOPLIST_FILE = LetMeCode_test/SupportingFiles/Info.plist;
				LD_RUNPATH_SEARCH_PATHS = (
					"$(inherited)",
					"@executable_path/Frameworks",
				);
				PRODUCT_BUNDLE_IDENTIFIER = "chaykin.LetMeCode-test";
				PRODUCT_NAME = "$(TARGET_NAME)";
				SWIFT_VERSION = 5.0;
				TARGETED_DEVICE_FAMILY = 1;
			};
			name = Debug;
		};
		FA5AA9A229DC91EA0092143B /* Release */ = {
			isa = XCBuildConfiguration;
			buildSettings = {
				ASSETCATALOG_COMPILER_APPICON_NAME = AppIcon;
				ASSETCATALOG_COMPILER_GLOBAL_ACCENT_COLOR_NAME = AccentColor;
				CODE_SIGN_STYLE = Automatic;
				DEVELOPMENT_TEAM = 6K8TWM2B86;
				INFOPLIST_FILE = LetMeCode_test/SupportingFiles/Info.plist;
				LD_RUNPATH_SEARCH_PATHS = (
					"$(inherited)",
					"@executable_path/Frameworks",
				);
				PRODUCT_BUNDLE_IDENTIFIER = "chaykin.LetMeCode-test";
				PRODUCT_NAME = "$(TARGET_NAME)";
				SWIFT_VERSION = 5.0;
				TARGETED_DEVICE_FAMILY = 1;
			};
			name = Release;
		};
/* End XCBuildConfiguration section */

/* Begin XCConfigurationList section */
		FA5AA98729DC91E70092143B /* Build configuration list for PBXProject "LetMeCode_test" */ = {
			isa = XCConfigurationList;
			buildConfigurations = (
				FA5AA99E29DC91EA0092143B /* Debug */,
				FA5AA99F29DC91EA0092143B /* Release */,
			);
			defaultConfigurationIsVisible = 0;
			defaultConfigurationName = Release;
		};
		FA5AA9A029DC91EA0092143B /* Build configuration list for PBXNativeTarget "LetMeCode_test" */ = {
			isa = XCConfigurationList;
			buildConfigurations = (
				FA5AA9A129DC91EA0092143B /* Debug */,
				FA5AA9A229DC91EA0092143B /* Release */,
			);
			defaultConfigurationIsVisible = 0;
			defaultConfigurationName = Release;
		};
/* End XCConfigurationList section */
	};
	rootObject = FA5AA98429DC91E70092143B /* Project object */;
}
